// !$*UTF8*$!
{
	archiveVersion = 1;
	classes = {
	};
	objectVersion = 46;
	objects = {

/* Begin PBXBuildFile section */
		E73C13851889E7B200669186 /* TrackingView.m in Sources */ = {isa = PBXBuildFile; fileRef = E73C13841889E7B200669186 /* TrackingView.m */; };
		E77A87C21896EBEA00DD7508 /* space@2x.png in Resources */ = {isa = PBXBuildFile; fileRef = E77A87C11896EBEA00DD7508 /* space@2x.png */; };
		E77A87CA1898582900DD7508 /* XCTest.framework in Frameworks */ = {isa = PBXBuildFile; fileRef = E7FB5EA01888994B00AAC64A /* XCTest.framework */; };
		E77A87CB1898582900DD7508 /* Foundation.framework in Frameworks */ = {isa = PBXBuildFile; fileRef = E7FB5E7E1888994B00AAC64A /* Foundation.framework */; };
		E77A87CC1898582900DD7508 /* UIKit.framework in Frameworks */ = {isa = PBXBuildFile; fileRef = E7FB5E821888994B00AAC64A /* UIKit.framework */; };
		E77A87D21898582900DD7508 /* InfoPlist.strings in Resources */ = {isa = PBXBuildFile; fileRef = E77A87D01898582900DD7508 /* InfoPlist.strings */; };
		E77A87D41898582900DD7508 /* HandwritingTextFieldTests.m in Sources */ = {isa = PBXBuildFile; fileRef = E77A87D31898582900DD7508 /* HandwritingTextFieldTests.m */; };
		E77A87DD18999DE600DD7508 /* FakeTouch.m in Sources */ = {isa = PBXBuildFile; fileRef = E77A87DC18999DE600DD7508 /* FakeTouch.m */; };
		E796588818AD8092006CC7B5 /* trash@2x.png in Resources */ = {isa = PBXBuildFile; fileRef = E796588718AD8092006CC7B5 /* trash@2x.png */; };
		E7F039641893036A00D575D1 /* backspace@2x.png in Resources */ = {isa = PBXBuildFile; fileRef = E7F039611893036A00D575D1 /* backspace@2x.png */; };
		E7F039651893036A00D575D1 /* done@2x.png in Resources */ = {isa = PBXBuildFile; fileRef = E7F039621893036A00D575D1 /* done@2x.png */; };
		E7F039661893036A00D575D1 /* keyboard@2x.png in Resources */ = {isa = PBXBuildFile; fileRef = E7F039631893036A00D575D1 /* keyboard@2x.png */; };
		E7FB5E7F1888994B00AAC64A /* Foundation.framework in Frameworks */ = {isa = PBXBuildFile; fileRef = E7FB5E7E1888994B00AAC64A /* Foundation.framework */; };
		E7FB5E811888994B00AAC64A /* CoreGraphics.framework in Frameworks */ = {isa = PBXBuildFile; fileRef = E7FB5E801888994B00AAC64A /* CoreGraphics.framework */; };
		E7FB5E831888994B00AAC64A /* UIKit.framework in Frameworks */ = {isa = PBXBuildFile; fileRef = E7FB5E821888994B00AAC64A /* UIKit.framework */; };
		E7FB5E891888994B00AAC64A /* InfoPlist.strings in Resources */ = {isa = PBXBuildFile; fileRef = E7FB5E871888994B00AAC64A /* InfoPlist.strings */; };
		E7FB5E8B1888994B00AAC64A /* main.m in Sources */ = {isa = PBXBuildFile; fileRef = E7FB5E8A1888994B00AAC64A /* main.m */; };
		E7FB5E8F1888994B00AAC64A /* AppDelegate.m in Sources */ = {isa = PBXBuildFile; fileRef = E7FB5E8E1888994B00AAC64A /* AppDelegate.m */; };
		E7FB5E921888994B00AAC64A /* Main_iPhone.storyboard in Resources */ = {isa = PBXBuildFile; fileRef = E7FB5E901888994B00AAC64A /* Main_iPhone.storyboard */; };
		E7FB5E951888994B00AAC64A /* Main_iPad.storyboard in Resources */ = {isa = PBXBuildFile; fileRef = E7FB5E931888994B00AAC64A /* Main_iPad.storyboard */; };
		E7FB5E981888994B00AAC64A /* ViewController.m in Sources */ = {isa = PBXBuildFile; fileRef = E7FB5E971888994B00AAC64A /* ViewController.m */; };
		E7FB5E9A1888994B00AAC64A /* Images.xcassets in Resources */ = {isa = PBXBuildFile; fileRef = E7FB5E991888994B00AAC64A /* Images.xcassets */; };
		E7FB5EBB18889A7B00AAC64A /* InkPoint.m in Sources */ = {isa = PBXBuildFile; fileRef = E7FB5EB818889A7B00AAC64A /* InkPoint.m */; };
		E7FB5EBC18889A7B00AAC64A /* UITextField+Handwriting.m in Sources */ = {isa = PBXBuildFile; fileRef = E7FB5EBA18889A7B00AAC64A /* UITextField+Handwriting.m */; };
		E7FB5EBF1888A29C00AAC64A /* HandwritingRecognizer.m in Sources */ = {isa = PBXBuildFile; fileRef = E7FB5EBE1888A29C00AAC64A /* HandwritingRecognizer.m */; };
/* End PBXBuildFile section */

/* Begin PBXContainerItemProxy section */
		E77A87D61898582900DD7508 /* PBXContainerItemProxy */ = {
			isa = PBXContainerItemProxy;
			containerPortal = E7FB5E731888994B00AAC64A /* Project object */;
			proxyType = 1;
			remoteGlobalIDString = E7FB5E7A1888994B00AAC64A;
			remoteInfo = HandwritingTextFieldDemo;
		};
/* End PBXContainerItemProxy section */

/* Begin PBXFileReference section */
		E73C13831889E7B200669186 /* TrackingView.h */ = {isa = PBXFileReference; fileEncoding = 4; lastKnownFileType = sourcecode.c.h; path = TrackingView.h; sourceTree = "<group>"; };
		E73C13841889E7B200669186 /* TrackingView.m */ = {isa = PBXFileReference; fileEncoding = 4; lastKnownFileType = sourcecode.c.objc; path = TrackingView.m; sourceTree = "<group>"; };
		E77A87C11896EBEA00DD7508 /* space@2x.png */ = {isa = PBXFileReference; lastKnownFileType = image.png; path = "space@2x.png"; sourceTree = "<group>"; };
		E77A87C91898582800DD7508 /* HandwritingTextFieldTests.xctest */ = {isa = PBXFileReference; explicitFileType = wrapper.cfbundle; includeInIndex = 0; path = HandwritingTextFieldTests.xctest; sourceTree = BUILT_PRODUCTS_DIR; };
		E77A87CF1898582900DD7508 /* HandwritingTextFieldTests-Info.plist */ = {isa = PBXFileReference; lastKnownFileType = text.plist.xml; path = "HandwritingTextFieldTests-Info.plist"; sourceTree = "<group>"; };
		E77A87D11898582900DD7508 /* en */ = {isa = PBXFileReference; lastKnownFileType = text.plist.strings; name = en; path = en.lproj/InfoPlist.strings; sourceTree = "<group>"; };
		E77A87D31898582900DD7508 /* HandwritingTextFieldTests.m */ = {isa = PBXFileReference; lastKnownFileType = sourcecode.c.objc; path = HandwritingTextFieldTests.m; sourceTree = "<group>"; };
		E77A87D51898582900DD7508 /* HandwritingTextFieldTests-Prefix.pch */ = {isa = PBXFileReference; lastKnownFileType = sourcecode.c.h; path = "HandwritingTextFieldTests-Prefix.pch"; sourceTree = "<group>"; };
		E77A87DB18999DE600DD7508 /* FakeTouch.h */ = {isa = PBXFileReference; fileEncoding = 4; lastKnownFileType = sourcecode.c.h; path = FakeTouch.h; sourceTree = "<group>"; };
		E77A87DC18999DE600DD7508 /* FakeTouch.m */ = {isa = PBXFileReference; fileEncoding = 4; lastKnownFileType = sourcecode.c.objc; path = FakeTouch.m; sourceTree = "<group>"; };
		E796588718AD8092006CC7B5 /* trash@2x.png */ = {isa = PBXFileReference; lastKnownFileType = image.png; path = "trash@2x.png"; sourceTree = "<group>"; };
		E7F039611893036A00D575D1 /* backspace@2x.png */ = {isa = PBXFileReference; lastKnownFileType = image.png; path = "backspace@2x.png"; sourceTree = "<group>"; };
		E7F039621893036A00D575D1 /* done@2x.png */ = {isa = PBXFileReference; lastKnownFileType = image.png; path = "done@2x.png"; sourceTree = "<group>"; };
		E7F039631893036A00D575D1 /* keyboard@2x.png */ = {isa = PBXFileReference; lastKnownFileType = image.png; path = "keyboard@2x.png"; sourceTree = "<group>"; };
		E7FB5E7B1888994B00AAC64A /* HandwritingTextFieldDemo.app */ = {isa = PBXFileReference; explicitFileType = wrapper.application; includeInIndex = 0; path = HandwritingTextFieldDemo.app; sourceTree = BUILT_PRODUCTS_DIR; };
		E7FB5E7E1888994B00AAC64A /* Foundation.framework */ = {isa = PBXFileReference; lastKnownFileType = wrapper.framework; name = Foundation.framework; path = System/Library/Frameworks/Foundation.framework; sourceTree = SDKROOT; };
		E7FB5E801888994B00AAC64A /* CoreGraphics.framework */ = {isa = PBXFileReference; lastKnownFileType = wrapper.framework; name = CoreGraphics.framework; path = System/Library/Frameworks/CoreGraphics.framework; sourceTree = SDKROOT; };
		E7FB5E821888994B00AAC64A /* UIKit.framework */ = {isa = PBXFileReference; lastKnownFileType = wrapper.framework; name = UIKit.framework; path = System/Library/Frameworks/UIKit.framework; sourceTree = SDKROOT; };
		E7FB5E861888994B00AAC64A /* HandwritingTextFieldDemo-Info.plist */ = {isa = PBXFileReference; lastKnownFileType = text.plist.xml; path = "HandwritingTextFieldDemo-Info.plist"; sourceTree = "<group>"; };
		E7FB5E881888994B00AAC64A /* en */ = {isa = PBXFileReference; lastKnownFileType = text.plist.strings; name = en; path = en.lproj/InfoPlist.strings; sourceTree = "<group>"; };
		E7FB5E8A1888994B00AAC64A /* main.m */ = {isa = PBXFileReference; lastKnownFileType = sourcecode.c.objc; path = main.m; sourceTree = "<group>"; };
		E7FB5E8C1888994B00AAC64A /* HandwritingTextFieldDemo-Prefix.pch */ = {isa = PBXFileReference; lastKnownFileType = sourcecode.c.h; path = "HandwritingTextFieldDemo-Prefix.pch"; sourceTree = "<group>"; };
		E7FB5E8D1888994B00AAC64A /* AppDelegate.h */ = {isa = PBXFileReference; lastKnownFileType = sourcecode.c.h; path = AppDelegate.h; sourceTree = "<group>"; };
		E7FB5E8E1888994B00AAC64A /* AppDelegate.m */ = {isa = PBXFileReference; lastKnownFileType = sourcecode.c.objc; path = AppDelegate.m; sourceTree = "<group>"; };
		E7FB5E911888994B00AAC64A /* Base */ = {isa = PBXFileReference; lastKnownFileType = file.storyboard; name = Base; path = Base.lproj/Main_iPhone.storyboard; sourceTree = "<group>"; };
		E7FB5E941888994B00AAC64A /* Base */ = {isa = PBXFileReference; lastKnownFileType = file.storyboard; name = Base; path = Base.lproj/Main_iPad.storyboard; sourceTree = "<group>"; };
		E7FB5E961888994B00AAC64A /* ViewController.h */ = {isa = PBXFileReference; lastKnownFileType = sourcecode.c.h; name = ViewController.h; path = HandwritingTextFieldDemo/ViewController.h; sourceTree = SOURCE_ROOT; };
		E7FB5E971888994B00AAC64A /* ViewController.m */ = {isa = PBXFileReference; lastKnownFileType = sourcecode.c.objc; name = ViewController.m; path = HandwritingTextFieldDemo/ViewController.m; sourceTree = SOURCE_ROOT; };
		E7FB5E991888994B00AAC64A /* Images.xcassets */ = {isa = PBXFileReference; lastKnownFileType = folder.assetcatalog; path = Images.xcassets; sourceTree = "<group>"; };
		E7FB5EA01888994B00AAC64A /* XCTest.framework */ = {isa = PBXFileReference; lastKnownFileType = wrapper.framework; name = XCTest.framework; path = Library/Frameworks/XCTest.framework; sourceTree = DEVELOPER_DIR; };
		E7FB5EB718889A7B00AAC64A /* InkPoint.h */ = {isa = PBXFileReference; fileEncoding = 4; lastKnownFileType = sourcecode.c.h; path = InkPoint.h; sourceTree = "<group>"; };
		E7FB5EB818889A7B00AAC64A /* InkPoint.m */ = {isa = PBXFileReference; fileEncoding = 4; lastKnownFileType = sourcecode.c.objc; path = InkPoint.m; sourceTree = "<group>"; };
		E7FB5EB918889A7B00AAC64A /* UITextField+Handwriting.h */ = {isa = PBXFileReference; fileEncoding = 4; lastKnownFileType = sourcecode.c.h; path = "UITextField+Handwriting.h"; sourceTree = "<group>"; };
		E7FB5EBA18889A7B00AAC64A /* UITextField+Handwriting.m */ = {isa = PBXFileReference; fileEncoding = 4; lastKnownFileType = sourcecode.c.objc; path = "UITextField+Handwriting.m"; sourceTree = "<group>"; };
		E7FB5EBD1888A29C00AAC64A /* HandwritingRecognizer.h */ = {isa = PBXFileReference; fileEncoding = 4; lastKnownFileType = sourcecode.c.h; path = HandwritingRecognizer.h; sourceTree = "<group>"; };
		E7FB5EBE1888A29C00AAC64A /* HandwritingRecognizer.m */ = {isa = PBXFileReference; fileEncoding = 4; lastKnownFileType = sourcecode.c.objc; path = HandwritingRecognizer.m; sourceTree = "<group>"; };
/* End PBXFileReference section */

/* Begin PBXFrameworksBuildPhase section */
		E77A87C61898582800DD7508 /* Frameworks */ = {
			isa = PBXFrameworksBuildPhase;
			buildActionMask = 2147483647;
			files = (
				E77A87CA1898582900DD7508 /* XCTest.framework in Frameworks */,
				E77A87CC1898582900DD7508 /* UIKit.framework in Frameworks */,
				E77A87CB1898582900DD7508 /* Foundation.framework in Frameworks */,
			);
			runOnlyForDeploymentPostprocessing = 0;
		};
		E7FB5E781888994B00AAC64A /* Frameworks */ = {
			isa = PBXFrameworksBuildPhase;
			buildActionMask = 2147483647;
			files = (
				E7FB5E811888994B00AAC64A /* CoreGraphics.framework in Frameworks */,
				E7FB5E831888994B00AAC64A /* UIKit.framework in Frameworks */,
				E7FB5E7F1888994B00AAC64A /* Foundation.framework in Frameworks */,
			);
			runOnlyForDeploymentPostprocessing = 0;
		};
/* End PBXFrameworksBuildPhase section */

/* Begin PBXGroup section */
		E77A87CD1898582900DD7508 /* HandwritingTextFieldTests */ = {
			isa = PBXGroup;
			children = (
				E77A87D31898582900DD7508 /* HandwritingTextFieldTests.m */,
				E77A87DB18999DE600DD7508 /* FakeTouch.h */,
				E77A87DC18999DE600DD7508 /* FakeTouch.m */,
				E77A87CE1898582900DD7508 /* Supporting Files */,
			);
			path = HandwritingTextFieldTests;
			sourceTree = "<group>";
		};
		E77A87CE1898582900DD7508 /* Supporting Files */ = {
			isa = PBXGroup;
			children = (
				E77A87CF1898582900DD7508 /* HandwritingTextFieldTests-Info.plist */,
				E77A87D01898582900DD7508 /* InfoPlist.strings */,
				E77A87D51898582900DD7508 /* HandwritingTextFieldTests-Prefix.pch */,
			);
			name = "Supporting Files";
			sourceTree = "<group>";
		};
		E7F039601893036A00D575D1 /* resources */ = {
			isa = PBXGroup;
			children = (
				E7F039621893036A00D575D1 /* done@2x.png */,
				E7F039631893036A00D575D1 /* keyboard@2x.png */,
				E7F039611893036A00D575D1 /* backspace@2x.png */,
				E77A87C11896EBEA00DD7508 /* space@2x.png */,
				E796588718AD8092006CC7B5 /* trash@2x.png */,
			);
			path = resources;
			sourceTree = "<group>";
		};
		E7FB5E721888994B00AAC64A = {
			isa = PBXGroup;
			children = (
				E7FB5E841888994B00AAC64A /* HandwritingTextFieldDemo */,
				E77A87CD1898582900DD7508 /* HandwritingTextFieldTests */,
				E7FB5E7D1888994B00AAC64A /* Frameworks */,
				E7FB5E7C1888994B00AAC64A /* Products */,
			);
			sourceTree = "<group>";
		};
		E7FB5E7C1888994B00AAC64A /* Products */ = {
			isa = PBXGroup;
			children = (
				E7FB5E7B1888994B00AAC64A /* HandwritingTextFieldDemo.app */,
				E77A87C91898582800DD7508 /* HandwritingTextFieldTests.xctest */,
			);
			name = Products;
			sourceTree = "<group>";
		};
		E7FB5E7D1888994B00AAC64A /* Frameworks */ = {
			isa = PBXGroup;
			children = (
				E7FB5E7E1888994B00AAC64A /* Foundation.framework */,
				E7FB5E801888994B00AAC64A /* CoreGraphics.framework */,
				E7FB5E821888994B00AAC64A /* UIKit.framework */,
				E7FB5EA01888994B00AAC64A /* XCTest.framework */,
			);
			name = Frameworks;
			sourceTree = "<group>";
		};
		E7FB5E841888994B00AAC64A /* HandwritingTextFieldDemo */ = {
			isa = PBXGroup;
			children = (
				E7FB5EB618889A7B00AAC64A /* HandwritingTextField */,
				E7FB5E961888994B00AAC64A /* ViewController.h */,
				E7FB5E971888994B00AAC64A /* ViewController.m */,
				E7FB5E8D1888994B00AAC64A /* AppDelegate.h */,
				E7FB5E8E1888994B00AAC64A /* AppDelegate.m */,
				E7FB5E901888994B00AAC64A /* Main_iPhone.storyboard */,
				E7FB5E931888994B00AAC64A /* Main_iPad.storyboard */,
				E7FB5E991888994B00AAC64A /* Images.xcassets */,
				E7FB5E851888994B00AAC64A /* Supporting Files */,
			);
			path = HandwritingTextFieldDemo;
			sourceTree = "<group>";
		};
		E7FB5E851888994B00AAC64A /* Supporting Files */ = {
			isa = PBXGroup;
			children = (
				E7FB5E861888994B00AAC64A /* HandwritingTextFieldDemo-Info.plist */,
				E7FB5E871888994B00AAC64A /* InfoPlist.strings */,
				E7FB5E8A1888994B00AAC64A /* main.m */,
				E7FB5E8C1888994B00AAC64A /* HandwritingTextFieldDemo-Prefix.pch */,
			);
			name = "Supporting Files";
			sourceTree = "<group>";
		};
		E7FB5EB618889A7B00AAC64A /* HandwritingTextField */ = {
			isa = PBXGroup;
			children = (
				E7F039601893036A00D575D1 /* resources */,
				E7FB5EB918889A7B00AAC64A /* UITextField+Handwriting.h */,
				E7FB5EBA18889A7B00AAC64A /* UITextField+Handwriting.m */,
				E7FB5EBD1888A29C00AAC64A /* HandwritingRecognizer.h */,
				E7FB5EBE1888A29C00AAC64A /* HandwritingRecognizer.m */,
				E73C13831889E7B200669186 /* TrackingView.h */,
				E73C13841889E7B200669186 /* TrackingView.m */,
				E7FB5EB718889A7B00AAC64A /* InkPoint.h */,
				E7FB5EB818889A7B00AAC64A /* InkPoint.m */,
			);
			name = HandwritingTextField;
			path = ../../HandwritingTextField;
			sourceTree = "<group>";
		};
/* End PBXGroup section */

/* Begin PBXNativeTarget section */
		E77A87C81898582800DD7508 /* HandwritingTextFieldTests */ = {
			isa = PBXNativeTarget;
			buildConfigurationList = E77A87DA1898582900DD7508 /* Build configuration list for PBXNativeTarget "HandwritingTextFieldTests" */;
			buildPhases = (
				E77A87C51898582800DD7508 /* Sources */,
				E77A87C61898582800DD7508 /* Frameworks */,
				E77A87C71898582800DD7508 /* Resources */,
			);
			buildRules = (
			);
			dependencies = (
				E77A87D71898582900DD7508 /* PBXTargetDependency */,
			);
			name = HandwritingTextFieldTests;
			productName = HandwritingTextFieldTests;
			productReference = E77A87C91898582800DD7508 /* HandwritingTextFieldTests.xctest */;
			productType = "com.apple.product-type.bundle.unit-test";
		};
		E7FB5E7A1888994B00AAC64A /* HandwritingTextFieldDemo */ = {
			isa = PBXNativeTarget;
			buildConfigurationList = E7FB5EB01888994B00AAC64A /* Build configuration list for PBXNativeTarget "HandwritingTextFieldDemo" */;
			buildPhases = (
				E7FB5E771888994B00AAC64A /* Sources */,
				E7FB5E781888994B00AAC64A /* Frameworks */,
				E7FB5E791888994B00AAC64A /* Resources */,
			);
			buildRules = (
			);
			dependencies = (
			);
			name = HandwritingTextFieldDemo;
			productName = HandwritingTextFieldDemo;
			productReference = E7FB5E7B1888994B00AAC64A /* HandwritingTextFieldDemo.app */;
			productType = "com.apple.product-type.application";
		};
/* End PBXNativeTarget section */

/* Begin PBXProject section */
		E7FB5E731888994B00AAC64A /* Project object */ = {
			isa = PBXProject;
			attributes = {
				LastUpgradeCheck = 0500;
				ORGANIZATIONNAME = "Peter Lee";
				TargetAttributes = {
					E77A87C81898582800DD7508 = {
						TestTargetID = E7FB5E7A1888994B00AAC64A;
					};
				};
			};
			buildConfigurationList = E7FB5E761888994B00AAC64A /* Build configuration list for PBXProject "HandwritingTextFieldDemo" */;
			compatibilityVersion = "Xcode 3.2";
			developmentRegion = English;
			hasScannedForEncodings = 0;
			knownRegions = (
				en,
				Base,
			);
			mainGroup = E7FB5E721888994B00AAC64A;
			productRefGroup = E7FB5E7C1888994B00AAC64A /* Products */;
			projectDirPath = "";
			projectRoot = "";
			targets = (
				E7FB5E7A1888994B00AAC64A /* HandwritingTextFieldDemo */,
				E77A87C81898582800DD7508 /* HandwritingTextFieldTests */,
			);
		};
/* End PBXProject section */

/* Begin PBXResourcesBuildPhase section */
		E77A87C71898582800DD7508 /* Resources */ = {
			isa = PBXResourcesBuildPhase;
			buildActionMask = 2147483647;
			files = (
				E77A87D21898582900DD7508 /* InfoPlist.strings in Resources */,
			);
			runOnlyForDeploymentPostprocessing = 0;
		};
		E7FB5E791888994B00AAC64A /* Resources */ = {
			isa = PBXResourcesBuildPhase;
			buildActionMask = 2147483647;
			files = (
				E7FB5E951888994B00AAC64A /* Main_iPad.storyboard in Resources */,
				E7F039661893036A00D575D1 /* keyboard@2x.png in Resources */,
				E7F039641893036A00D575D1 /* backspace@2x.png in Resources */,
				E7FB5E9A1888994B00AAC64A /* Images.xcassets in Resources */,
				E7FB5E921888994B00AAC64A /* Main_iPhone.storyboard in Resources */,
				E796588818AD8092006CC7B5 /* trash@2x.png in Resources */,
				E77A87C21896EBEA00DD7508 /* space@2x.png in Resources */,
				E7F039651893036A00D575D1 /* done@2x.png in Resources */,
				E7FB5E891888994B00AAC64A /* InfoPlist.strings in Resources */,
			);
			runOnlyForDeploymentPostprocessing = 0;
		};
/* End PBXResourcesBuildPhase section */

/* Begin PBXSourcesBuildPhase section */
		E77A87C51898582800DD7508 /* Sources */ = {
			isa = PBXSourcesBuildPhase;
			buildActionMask = 2147483647;
			files = (
				E77A87DD18999DE600DD7508 /* FakeTouch.m in Sources */,
				E77A87D41898582900DD7508 /* HandwritingTextFieldTests.m in Sources */,
			);
			runOnlyForDeploymentPostprocessing = 0;
		};
		E7FB5E771888994B00AAC64A /* Sources */ = {
			isa = PBXSourcesBuildPhase;
			buildActionMask = 2147483647;
			files = (
				E7FB5E981888994B00AAC64A /* ViewController.m in Sources */,
				E7FB5EBC18889A7B00AAC64A /* UITextField+Handwriting.m in Sources */,
				E73C13851889E7B200669186 /* TrackingView.m in Sources */,
				E7FB5EBB18889A7B00AAC64A /* InkPoint.m in Sources */,
				E7FB5EBF1888A29C00AAC64A /* HandwritingRecognizer.m in Sources */,
				E7FB5E8F1888994B00AAC64A /* AppDelegate.m in Sources */,
				E7FB5E8B1888994B00AAC64A /* main.m in Sources */,
			);
			runOnlyForDeploymentPostprocessing = 0;
		};
/* End PBXSourcesBuildPhase section */

/* Begin PBXTargetDependency section */
		E77A87D71898582900DD7508 /* PBXTargetDependency */ = {
			isa = PBXTargetDependency;
			target = E7FB5E7A1888994B00AAC64A /* HandwritingTextFieldDemo */;
			targetProxy = E77A87D61898582900DD7508 /* PBXContainerItemProxy */;
		};
/* End PBXTargetDependency section */

/* Begin PBXVariantGroup section */
		E77A87D01898582900DD7508 /* InfoPlist.strings */ = {
			isa = PBXVariantGroup;
			children = (
				E77A87D11898582900DD7508 /* en */,
			);
			name = InfoPlist.strings;
			sourceTree = "<group>";
		};
		E7FB5E871888994B00AAC64A /* InfoPlist.strings */ = {
			isa = PBXVariantGroup;
			children = (
				E7FB5E881888994B00AAC64A /* en */,
			);
			name = InfoPlist.strings;
			sourceTree = "<group>";
		};
		E7FB5E901888994B00AAC64A /* Main_iPhone.storyboard */ = {
			isa = PBXVariantGroup;
			children = (
				E7FB5E911888994B00AAC64A /* Base */,
			);
			name = Main_iPhone.storyboard;
			sourceTree = "<group>";
		};
		E7FB5E931888994B00AAC64A /* Main_iPad.storyboard */ = {
			isa = PBXVariantGroup;
			children = (
				E7FB5E941888994B00AAC64A /* Base */,
			);
			name = Main_iPad.storyboard;
			sourceTree = "<group>";
		};
/* End PBXVariantGroup section */

/* Begin XCBuildConfiguration section */
		E77A87D81898582900DD7508 /* Debug */ = {
			isa = XCBuildConfiguration;
			buildSettings = {
				ARCHS = "$(ARCHS_STANDARD_INCLUDING_64_BIT)";
				BUNDLE_LOADER = "$(BUILT_PRODUCTS_DIR)/HandwritingTextFieldDemo.app/HandwritingTextFieldDemo";
				FRAMEWORK_SEARCH_PATHS = (
					"$(SDKROOT)/Developer/Library/Frameworks",
					"$(inherited)",
					"$(DEVELOPER_FRAMEWORKS_DIR)",
				);
				GCC_PRECOMPILE_PREFIX_HEADER = YES;
				GCC_PREFIX_HEADER = "HandwritingTextFieldTests/HandwritingTextFieldTests-Prefix.pch";
				GCC_PREPROCESSOR_DEFINITIONS = (
					"DEBUG=1",
					"$(inherited)",
				);
				INFOPLIST_FILE = "HandwritingTextFieldTests/HandwritingTextFieldTests-Info.plist";
				PRODUCT_NAME = "$(TARGET_NAME)";
				TEST_HOST = "$(BUNDLE_LOADER)";
				WRAPPER_EXTENSION = xctest;
			};
			name = Debug;
		};
		E77A87D91898582900DD7508 /* Release */ = {
			isa = XCBuildConfiguration;
			buildSettings = {
				ARCHS = "$(ARCHS_STANDARD_INCLUDING_64_BIT)";
				BUNDLE_LOADER = "$(BUILT_PRODUCTS_DIR)/HandwritingTextFieldDemo.app/HandwritingTextFieldDemo";
				FRAMEWORK_SEARCH_PATHS = (
					"$(SDKROOT)/Developer/Library/Frameworks",
					"$(inherited)",
					"$(DEVELOPER_FRAMEWORKS_DIR)",
				);
				GCC_PRECOMPILE_PREFIX_HEADER = YES;
				GCC_PREFIX_HEADER = "HandwritingTextFieldTests/HandwritingTextFieldTests-Prefix.pch";
				INFOPLIST_FILE = "HandwritingTextFieldTests/HandwritingTextFieldTests-Info.plist";
				PRODUCT_NAME = "$(TARGET_NAME)";
				TEST_HOST = "$(BUNDLE_LOADER)";
				WRAPPER_EXTENSION = xctest;
			};
			name = Release;
		};
		E7FB5EAE1888994B00AAC64A /* Debug */ = {
			isa = XCBuildConfiguration;
			buildSettings = {
				ALWAYS_SEARCH_USER_PATHS = NO;
				ARCHS = "$(ARCHS_STANDARD_INCLUDING_64_BIT)";
				CLANG_CXX_LANGUAGE_STANDARD = "gnu++0x";
				CLANG_CXX_LIBRARY = "libc++";
				CLANG_ENABLE_MODULES = YES;
				CLANG_ENABLE_OBJC_ARC = YES;
				CLANG_WARN_BOOL_CONVERSION = YES;
				CLANG_WARN_CONSTANT_CONVERSION = YES;
				CLANG_WARN_DIRECT_OBJC_ISA_USAGE = YES_ERROR;
				CLANG_WARN_EMPTY_BODY = YES;
				CLANG_WARN_ENUM_CONVERSION = YES;
				CLANG_WARN_INT_CONVERSION = YES;
				CLANG_WARN_OBJC_ROOT_CLASS = YES_ERROR;
				CLANG_WARN__DUPLICATE_METHOD_MATCH = YES;
				"CODE_SIGN_IDENTITY[sdk=iphoneos*]" = "iPhone Developer";
				COPY_PHASE_STRIP = NO;
				GCC_C_LANGUAGE_STANDARD = gnu99;
				GCC_DYNAMIC_NO_PIC = NO;
				GCC_OPTIMIZATION_LEVEL = 0;
				GCC_PREPROCESSOR_DEFINITIONS = (
					"DEBUG=1",
					"$(inherited)",
				);
				GCC_SYMBOLS_PRIVATE_EXTERN = NO;
				GCC_WARN_64_TO_32_BIT_CONVERSION = YES;
				GCC_WARN_ABOUT_RETURN_TYPE = YES_ERROR;
				GCC_WARN_UNDECLARED_SELECTOR = YES;
				GCC_WARN_UNINITIALIZED_AUTOS = YES;
				GCC_WARN_UNUSED_FUNCTION = YES;
				GCC_WARN_UNUSED_VARIABLE = YES;
				IPHONEOS_DEPLOYMENT_TARGET = 7.0;
				ONLY_ACTIVE_ARCH = YES;
				SDKROOT = iphoneos;
				TARGETED_DEVICE_FAMILY = "1,2";
			};
			name = Debug;
		};
		E7FB5EAF1888994B00AAC64A /* Release */ = {
			isa = XCBuildConfiguration;
			buildSettings = {
				ALWAYS_SEARCH_USER_PATHS = NO;
				ARCHS = "$(ARCHS_STANDARD_INCLUDING_64_BIT)";
				CLANG_CXX_LANGUAGE_STANDARD = "gnu++0x";
				CLANG_CXX_LIBRARY = "libc++";
				CLANG_ENABLE_MODULES = YES;
				CLANG_ENABLE_OBJC_ARC = YES;
				CLANG_WARN_BOOL_CONVERSION = YES;
				CLANG_WARN_CONSTANT_CONVERSION = YES;
				CLANG_WARN_DIRECT_OBJC_ISA_USAGE = YES_ERROR;
				CLANG_WARN_EMPTY_BODY = YES;
				CLANG_WARN_ENUM_CONVERSION = YES;
				CLANG_WARN_INT_CONVERSION = YES;
				CLANG_WARN_OBJC_ROOT_CLASS = YES_ERROR;
				CLANG_WARN__DUPLICATE_METHOD_MATCH = YES;
				"CODE_SIGN_IDENTITY[sdk=iphoneos*]" = "iPhone Developer";
				COPY_PHASE_STRIP = YES;
				ENABLE_NS_ASSERTIONS = NO;
				GCC_C_LANGUAGE_STANDARD = gnu99;
				GCC_WARN_64_TO_32_BIT_CONVERSION = YES;
				GCC_WARN_ABOUT_RETURN_TYPE = YES_ERROR;
				GCC_WARN_UNDECLARED_SELECTOR = YES;
				GCC_WARN_UNINITIALIZED_AUTOS = YES;
				GCC_WARN_UNUSED_FUNCTION = YES;
				GCC_WARN_UNUSED_VARIABLE = YES;
				IPHONEOS_DEPLOYMENT_TARGET = 7.0;
				SDKROOT = iphoneos;
				TARGETED_DEVICE_FAMILY = "1,2";
				VALIDATE_PRODUCT = YES;
			};
			name = Release;
		};
		E7FB5EB11888994B00AAC64A /* Debug */ = {
			isa = XCBuildConfiguration;
			buildSettings = {
				ASSETCATALOG_COMPILER_APPICON_NAME = AppIcon;
				ASSETCATALOG_COMPILER_LAUNCHIMAGE_NAME = LaunchImage;
				GCC_PRECOMPILE_PREFIX_HEADER = YES;
				GCC_PREFIX_HEADER = "HandwritingTextFieldDemo/HandwritingTextFieldDemo-Prefix.pch";
				INFOPLIST_FILE = "HandwritingTextFieldDemo/HandwritingTextFieldDemo-Info.plist";
				PRODUCT_NAME = "$(TARGET_NAME)";
				WRAPPER_EXTENSION = app;
			};
			name = Debug;
		};
		E7FB5EB21888994B00AAC64A /* Release */ = {
			isa = XCBuildConfiguration;
			buildSettings = {
				ASSETCATALOG_COMPILER_APPICON_NAME = AppIcon;
				ASSETCATALOG_COMPILER_LAUNCHIMAGE_NAME = LaunchImage;
				GCC_PRECOMPILE_PREFIX_HEADER = YES;
				GCC_PREFIX_HEADER = "HandwritingTextFieldDemo/HandwritingTextFieldDemo-Prefix.pch";
				INFOPLIST_FILE = "HandwritingTextFieldDemo/HandwritingTextFieldDemo-Info.plist";
				PRODUCT_NAME = "$(TARGET_NAME)";
				WRAPPER_EXTENSION = app;
			};
			name = Release;
		};
/* End XCBuildConfiguration section */

/* Begin XCConfigurationList section */
		E77A87DA1898582900DD7508 /* Build configuration list for PBXNativeTarget "HandwritingTextFieldTests" */ = {
			isa = XCConfigurationList;
			buildConfigurations = (
				E77A87D81898582900DD7508 /* Debug */,
				E77A87D91898582900DD7508 /* Release */,
			);
			defaultConfigurationIsVisible = 0;
			defaultConfigurationName = Release;
		};
		E7FB5E761888994B00AAC64A /* Build configuration list for PBXProject "HandwritingTextFieldDemo" */ = {
			isa = XCConfigurationList;
			buildConfigurations = (
				E7FB5EAE1888994B00AAC64A /* Debug */,
				E7FB5EAF1888994B00AAC64A /* Release */,
			);
			defaultConfigurationIsVisible = 0;
			defaultConfigurationName = Release;
		};
		E7FB5EB01888994B00AAC64A /* Build configuration list for PBXNativeTarget "HandwritingTextFieldDemo" */ = {
			isa = XCConfigurationList;
			buildConfigurations = (
				E7FB5EB11888994B00AAC64A /* Debug */,
				E7FB5EB21888994B00AAC64A /* Release */,
			);
			defaultConfigurationIsVisible = 0;
			defaultConfigurationName = Release;
		};
/* End XCConfigurationList section */
	};
	rootObject = E7FB5E731888994B00AAC64A /* Project object */;
}
